Microsoft Visual Studio Solution File, Format Version 12.00
# Visual Studio 15
VisualStudioVersion = 15.0.26730.16
MinimumVisualStudioVersion = 10.0.40219.1
Project("{FAE04EC0-301F-11D3-BF4B-00C04F79EFBC}") = "BASE", "Website\BASE.csproj", "{1102AA19-5665-44A5-AF28-53E5377B288B}"
EndProject
Project("{2150E333-8FDC-42A3-9474-1A3956D46DE8}") = "Core", "Core", "{79B5061B-9D9D-4FE9-BF94-380FBE890DE9}"
EndProject
Project("{2150E333-8FDC-42A3-9474-1A3956D46DE8}") = "Library", "Library", "{09577F58-AEF0-4948-8C7E-C7366D0BC83F}"
EndProject
Project("{FAE04EC0-301F-11D3-BF4B-00C04F79EFBC}") = "BASE.Library", "Library\VDMS5.Library\BASE.Library.csproj", "{A06C34BB-ED0A-4786-BE54-AA0C6CA1FB09}"
EndProject
Global
	GlobalSection(SolutionConfigurationPlatforms) = preSolution
		Debug|Any CPU = Debug|Any CPU
		Release|Any CPU = Release|Any CPU
	EndGlobalSection
	GlobalSection(ProjectConfigurationPlatforms) = postSolution
		{1102AA19-5665-44A5-AF28-53E5377B288B}.Debug|Any CPU.ActiveCfg = Debug|Any CPU
		{1102AA19-5665-44A5-AF28-53E5377B288B}.Debug|Any CPU.Build.0 = Debug|Any CPU
		{1102AA19-5665-44A5-AF28-53E5377B288B}.Release|Any CPU.ActiveCfg = Release|Any CPU
		{1102AA19-5665-44A5-AF28-53E5377B288B}.Release|Any CPU.Build.0 = Release|Any CPU
		{A06C34BB-ED0A-4786-BE54-AA0C6CA1FB09}.Debug|Any CPU.ActiveCfg = Debug|Any CPU
		{A06C34BB-ED0A-4786-BE54-AA0C6CA1FB09}.Debug|Any CPU.Build.0 = Debug|Any CPU
		{A06C34BB-ED0A-4786-BE54-AA0C6CA1FB09}.Release|Any CPU.ActiveCfg = Release|Any CPU
		{A06C34BB-ED0A-4786-BE54-AA0C6CA1FB09}.Release|Any CPU.Build.0 = Release|Any CPU
	EndGlobalSection
	GlobalSection(SolutionProperties) = preSolution
		HideSolutionNode = FALSE
	EndGlobalSection
	GlobalSection(NestedProjects) = preSolution
		{09577F58-AEF0-4948-8C7E-C7366D0BC83F} = {79B5061B-9D9D-4FE9-BF94-380FBE890DE9}
		{A06C34BB-ED0A-4786-BE54-AA0C6CA1FB09} = {09577F58-AEF0-4948-8C7E-C7366D0BC83F}
	EndGlobalSection
	GlobalSection(ExtensibilityGlobals) = postSolution
		SolutionGuid = {A89A073F-CA23-4452-A7D1-B77128F2C177}
	EndGlobalSection
EndGlobal
